# This file is autogenerated, do not edit; changes may be undone by the next 'dep ensure'.


[[projects]]
  digest = "1:f89f3aa237e1394f3d958bd5aae0bf2864768490f7a6763bacb2bf85001419d0"
  name = "github.com/grafov/m3u8"
  packages = ["."]
  pruneopts = "UT"
  revision = "0b86a8a8eaf300b6dfaf5a7a32b6e0b86f094621"
  version = "v0.10"

[solve-meta]
  analyzer-name = "dep"
  analyzer-version = 1
  input-imports = ["github.com/grafov/m3u8"]
  solver-name = "gps-cdcl"
  solver-version = 1
